
Microsoft Visual Studio Solution File, Format Version 12.00
# Visual Studio Version 17
VisualStudioVersion = 17.14.36414.22
MinimumVisualStudioVersion = 10.0.40219.1
Project("{FAE04EC0-301F-11D3-BF4B-00C04F79EFBC}") = "dacn-dtgplx", "dacn-dtgplx\dacn-dtgplx.csproj", "{D38E39D6-9F28-4FB4-BB99-3B8EE8E217F3}"
EndProject
Global
	GlobalSection(SolutionConfigurationPlatforms) = preSolution
		Debug|Any CPU = Debug|Any CPU
		Release|Any CPU = Release|Any CPU
	EndGlobalSection
	GlobalSection(ProjectConfigurationPlatforms) = postSolution
		{D38E39D6-9F28-4FB4-BB99-3B8EE8E217F3}.Debug|Any CPU.ActiveCfg = Debug|Any CPU
		{D38E39D6-9F28-4FB4-BB99-3B8EE8E217F3}.Debug|Any CPU.Build.0 = Debug|Any CPU
		{D38E39D6-9F28-4FB4-BB99-3B8EE8E217F3}.Release|Any CPU.ActiveCfg = Release|Any CPU
		{D38E39D6-9F28-4FB4-BB99-3B8EE8E217F3}.Release|Any CPU.Build.0 = Release|Any CPU
	EndGlobalSection
	GlobalSection(SolutionProperties) = preSolution
		HideSolutionNode = FALSE
	EndGlobalSection
	GlobalSection(ExtensibilityGlobals) = postSolution
		SolutionGuid = {20E4B6B9-A23F-48A3-AF1F-07F7DE4F79AD}
	EndGlobalSection
EndGlobal
